
Microsoft Visual Studio Solution File, Format Version 12.00
# Visual Studio 15
VisualStudioVersion = 15.0.28010.2048
MinimumVisualStudioVersion = 10.0.40219.1
Project("{FAE04EC0-301F-11D3-BF4B-00C04F79EFBC}") = "SetupEnvironment", "SetupEnvironment\SetupEnvironment.csproj", "{CC98E6D2-7FEA-48A9-913A-81CC870014DD}"
EndProject
Global
	GlobalSection(SolutionConfigurationPlatforms) = preSolution
		Debug|Any CPU = Debug|Any CPU
		Release|Any CPU = Release|Any CPU
	EndGlobalSection
	GlobalSection(ProjectConfigurationPlatforms) = postSolution
		{CC98E6D2-7FEA-48A9-913A-81CC870014DD}.Debug|Any CPU.ActiveCfg = Debug|Any CPU
		{CC98E6D2-7FEA-48A9-913A-81CC870014DD}.Debug|Any CPU.Build.0 = Debug|Any CPU
		{CC98E6D2-7FEA-48A9-913A-81CC870014DD}.Release|Any CPU.ActiveCfg = Release|Any CPU
		{CC98E6D2-7FEA-48A9-913A-81CC870014DD}.Release|Any CPU.Build.0 = Release|Any CPU
	EndGlobalSection
	GlobalSection(SolutionProperties) = preSolution
		HideSolutionNode = FALSE
	EndGlobalSection
	GlobalSection(ExtensibilityGlobals) = postSolution
		SolutionGuid = {79EC91A5-FED2-4DA2-90E2-1B860166A1DC}
	EndGlobalSection
EndGlobal
